
Microsoft Visual Studio Solution File, Format Version 12.00
# Visual Studio Version 17
VisualStudioVersion = 17.9.34723.18
MinimumVisualStudioVersion = 10.0.40219.1
Project("{8BC9CEB8-8B4A-11D0-8D11-00A0C91BC942}") = "ツール開発課題", "ツール開発課題\ツール開発課題.vcxproj", "{6444F8C8-6A43-49C7-A823-76BF2788F2C1}"
EndProject
Project("{8BC9CEB8-8B4A-11D0-8D11-00A0C91BC942}") = "課題1", "課題1\課題1.vcxproj", "{B2DE775A-B833-4482-A83A-79F3EAFBA1DC}"
EndProject
Project("{8BC9CEB8-8B4A-11D0-8D11-00A0C91BC942}") = "課題2", "課題2\課題2.vcxproj", "{4B03FCC9-D1F8-4368-9D51-2B541419F315}"
EndProject
Project("{8BC9CEB8-8B4A-11D0-8D11-00A0C91BC942}") = "課題3", "課題3\課題3.vcxproj", "{0DDCE848-3A3F-4BA4-9E88-783517A1EB69}"
EndProject
Project("{8BC9CEB8-8B4A-11D0-8D11-00A0C91BC942}") = "課題4", "課題4\課題4.vcxproj", "{FDFFFEFA-BBF1-48D6-BA87-DAFA03556D04}"
EndProject
Project("{8BC9CEB8-8B4A-11D0-8D11-00A0C91BC942}") = "課題5", "課題5\課題5.vcxproj", "{8A918A1F-F5C1-4B39-B8BE-C22BE29D8D0B}"
EndProject
Project("{8BC9CEB8-8B4A-11D0-8D11-00A0C91BC942}") = "課題6", "課題6\課題6.vcxproj", "{E7746F5D-4B03-401D-9223-AB5A4D1CEC2C}"
EndProject
Project("{8BC9CEB8-8B4A-11D0-8D11-00A0C91BC942}") = "課題7", "課題7\課題7.vcxproj", "{3DABBE6B-C283-4422-AF4B-24330B4E50B8}"
EndProject
Project("{8BC9CEB8-8B4A-11D0-8D11-00A0C91BC942}") = "課題8", "課題8\課題8.vcxproj", "{68090547-070E-4CEA-943C-4EF2D9C8E07E}"
EndProject
Project("{8BC9CEB8-8B4A-11D0-8D11-00A0C91BC942}") = "課題9", "課題9\課題9.vcxproj", "{306CE435-20F1-4952-A97D-E8D748518C97}"
EndProject
Project("{2150E333-8FDC-42A3-9474-1A3956D46DE8}") = "課題1~9", "課題1~9", "{727DED38-9923-4894-93A0-55F83DE89627}"
EndProject
Project("{8BC9CEB8-8B4A-11D0-8D11-00A0C91BC942}") = "課題10", "課題10\課題10.vcxproj", "{1CA9B033-2093-4910-A745-9A75FCB28037}"
EndProject
Project("{8BC9CEB8-8B4A-11D0-8D11-00A0C91BC942}") = "課題11", "課題11\課題11.vcxproj", "{D60BC7A0-B977-45DF-9415-FDFE76FA0B07}"
EndProject
Global
	GlobalSection(SolutionConfigurationPlatforms) = preSolution
		Debug|x64 = Debug|x64
		Debug|x86 = Debug|x86
		Release|x64 = Release|x64
		Release|x86 = Release|x86
	EndGlobalSection
	GlobalSection(ProjectConfigurationPlatforms) = postSolution
		{6444F8C8-6A43-49C7-A823-76BF2788F2C1}.Debug|x64.ActiveCfg = Debug|x64
		{6444F8C8-6A43-49C7-A823-76BF2788F2C1}.Debug|x64.Build.0 = Debug|x64
		{6444F8C8-6A43-49C7-A823-76BF2788F2C1}.Debug|x86.ActiveCfg = Debug|Win32
		{6444F8C8-6A43-49C7-A823-76BF2788F2C1}.Debug|x86.Build.0 = Debug|Win32
		{6444F8C8-6A43-49C7-A823-76BF2788F2C1}.Release|x64.ActiveCfg = Release|x64
		{6444F8C8-6A43-49C7-A823-76BF2788F2C1}.Release|x64.Build.0 = Release|x64
		{6444F8C8-6A43-49C7-A823-76BF2788F2C1}.Release|x86.ActiveCfg = Release|Win32
		{6444F8C8-6A43-49C7-A823-76BF2788F2C1}.Release|x86.Build.0 = Release|Win32
		{B2DE775A-B833-4482-A83A-79F3EAFBA1DC}.Debug|x64.ActiveCfg = Debug|x64
		{B2DE775A-B833-4482-A83A-79F3EAFBA1DC}.Debug|x64.Build.0 = Debug|x64
		{B2DE775A-B833-4482-A83A-79F3EAFBA1DC}.Debug|x86.ActiveCfg = Debug|Win32
		{B2DE775A-B833-4482-A83A-79F3EAFBA1DC}.Debug|x86.Build.0 = Debug|Win32
		{B2DE775A-B833-4482-A83A-79F3EAFBA1DC}.Release|x64.ActiveCfg = Release|x64
		{B2DE775A-B833-4482-A83A-79F3EAFBA1DC}.Release|x64.Build.0 = Release|x64
		{B2DE775A-B833-4482-A83A-79F3EAFBA1DC}.Release|x86.ActiveCfg = Release|Win32
		{B2DE775A-B833-4482-A83A-79F3EAFBA1DC}.Release|x86.Build.0 = Release|Win32
		{4B03FCC9-D1F8-4368-9D51-2B541419F315}.Debug|x64.ActiveCfg = Debug|x64
		{4B03FCC9-D1F8-4368-9D51-2B541419F315}.Debug|x64.Build.0 = Debug|x64
		{4B03FCC9-D1F8-4368-9D51-2B541419F315}.Debug|x86.ActiveCfg = Debug|Win32
		{4B03FCC9-D1F8-4368-9D51-2B541419F315}.Debug|x86.Build.0 = Debug|Win32
		{4B03FCC9-D1F8-4368-9D51-2B541419F315}.Release|x64.ActiveCfg = Release|x64
		{4B03FCC9-D1F8-4368-9D51-2B541419F315}.Release|x64.Build.0 = Release|x64
		{4B03FCC9-D1F8-4368-9D51-2B541419F315}.Release|x86.ActiveCfg = Release|Win32
		{4B03FCC9-D1F8-4368-9D51-2B541419F315}.Release|x86.Build.0 = Release|Win32
		{0DDCE848-3A3F-4BA4-9E88-783517A1EB69}.Debug|x64.ActiveCfg = Debug|x64
		{0DDCE848-3A3F-4BA4-9E88-783517A1EB69}.Debug|x64.Build.0 = Debug|x64
		{0DDCE848-3A3F-4BA4-9E88-783517A1EB69}.Debug|x86.ActiveCfg = Debug|Win32
		{0DDCE848-3A3F-4BA4-9E88-783517A1EB69}.Debug|x86.Build.0 = Debug|Win32
		{0DDCE848-3A3F-4BA4-9E88-783517A1EB69}.Release|x64.ActiveCfg = Release|x64
		{0DDCE848-3A3F-4BA4-9E88-783517A1EB69}.Release|x64.Build.0 = Release|x64
		{0DDCE848-3A3F-4BA4-9E88-783517A1EB69}.Release|x86.ActiveCfg = Release|Win32
		{0DDCE848-3A3F-4BA4-9E88-783517A1EB69}.Release|x86.Build.0 = Release|Win32
		{FDFFFEFA-BBF1-48D6-BA87-DAFA03556D04}.Debug|x64.ActiveCfg = Debug|x64
		{FDFFFEFA-BBF1-48D6-BA87-DAFA03556D04}.Debug|x64.Build.0 = Debug|x64
		{FDFFFEFA-BBF1-48D6-BA87-DAFA03556D04}.Debug|x86.ActiveCfg = Debug|Win32
		{FDFFFEFA-BBF1-48D6-BA87-DAFA03556D04}.Debug|x86.Build.0 = Debug|Win32
		{FDFFFEFA-BBF1-48D6-BA87-DAFA03556D04}.Release|x64.ActiveCfg = Release|x64
		{FDFFFEFA-BBF1-48D6-BA87-DAFA03556D04}.Release|x64.Build.0 = Release|x64
		{FDFFFEFA-BBF1-48D6-BA87-DAFA03556D04}.Release|x86.ActiveCfg = Release|Win32
		{FDFFFEFA-BBF1-48D6-BA87-DAFA03556D04}.Release|x86.Build.0 = Release|Win32
		{8A918A1F-F5C1-4B39-B8BE-C22BE29D8D0B}.Debug|x64.ActiveCfg = Debug|x64
		{8A918A1F-F5C1-4B39-B8BE-C22BE29D8D0B}.Debug|x64.Build.0 = Debug|x64
		{8A918A1F-F5C1-4B39-B8BE-C22BE29D8D0B}.Debug|x86.ActiveCfg = Debug|Win32
		{8A918A1F-F5C1-4B39-B8BE-C22BE29D8D0B}.Debug|x86.Build.0 = Debug|Win32
		{8A918A1F-F5C1-4B39-B8BE-C22BE29D8D0B}.Release|x64.ActiveCfg = Release|x64
		{8A918A1F-F5C1-4B39-B8BE-C22BE29D8D0B}.Release|x64.Build.0 = Release|x64
		{8A918A1F-F5C1-4B39-B8BE-C22BE29D8D0B}.Release|x86.ActiveCfg = Release|Win32
		{8A918A1F-F5C1-4B39-B8BE-C22BE29D8D0B}.Release|x86.Build.0 = Release|Win32
		{E7746F5D-4B03-401D-9223-AB5A4D1CEC2C}.Debug|x64.ActiveCfg = Debug|x64
		{E7746F5D-4B03-401D-9223-AB5A4D1CEC2C}.Debug|x64.Build.0 = Debug|x64
		{E7746F5D-4B03-401D-9223-AB5A4D1CEC2C}.Debug|x86.ActiveCfg = Debug|Win32
		{E7746F5D-4B03-401D-9223-AB5A4D1CEC2C}.Debug|x86.Build.0 = Debug|Win32
		{E7746F5D-4B03-401D-9223-AB5A4D1CEC2C}.Release|x64.ActiveCfg = Release|x64
		{E7746F5D-4B03-401D-9223-AB5A4D1CEC2C}.Release|x64.Build.0 = Release|x64
		{E7746F5D-4B03-401D-9223-AB5A4D1CEC2C}.Release|x86.ActiveCfg = Release|Win32
		{E7746F5D-4B03-401D-9223-AB5A4D1CEC2C}.Release|x86.Build.0 = Release|Win32
		{3DABBE6B-C283-4422-AF4B-24330B4E50B8}.Debug|x64.ActiveCfg = Debug|x64
		{3DABBE6B-C283-4422-AF4B-24330B4E50B8}.Debug|x64.Build.0 = Debug|x64
		{3DABBE6B-C283-4422-AF4B-24330B4E50B8}.Debug|x86.ActiveCfg = Debug|Win32
		{3DABBE6B-C283-4422-AF4B-24330B4E50B8}.Debug|x86.Build.0 = Debug|Win32
		{3DABBE6B-C283-4422-AF4B-24330B4E50B8}.Release|x64.ActiveCfg = Release|x64
		{3DABBE6B-C283-4422-AF4B-24330B4E50B8}.Release|x64.Build.0 = Release|x64
		{3DABBE6B-C283-4422-AF4B-24330B4E50B8}.Release|x86.ActiveCfg = Release|Win32
		{3DABBE6B-C283-4422-AF4B-24330B4E50B8}.Release|x86.Build.0 = Release|Win32
		{68090547-070E-4CEA-943C-4EF2D9C8E07E}.Debug|x64.ActiveCfg = Debug|x64
		{68090547-070E-4CEA-943C-4EF2D9C8E07E}.Debug|x64.Build.0 = Debug|x64
		{68090547-070E-4CEA-943C-4EF2D9C8E07E}.Debug|x86.ActiveCfg = Debug|Win32
		{68090547-070E-4CEA-943C-4EF2D9C8E07E}.Debug|x86.Build.0 = Debug|Win32
		{68090547-070E-4CEA-943C-4EF2D9C8E07E}.Release|x64.ActiveCfg = Release|x64
		{68090547-070E-4CEA-943C-4EF2D9C8E07E}.Release|x64.Build.0 = Release|x64
		{68090547-070E-4CEA-943C-4EF2D9C8E07E}.Release|x86.ActiveCfg = Release|Win32
		{68090547-070E-4CEA-943C-4EF2D9C8E07E}.Release|x86.Build.0 = Release|Win32
		{306CE435-20F1-4952-A97D-E8D748518C97}.Debug|x64.ActiveCfg = Debug|x64
		{306CE435-20F1-4952-A97D-E8D748518C97}.Debug|x64.Build.0 = Debug|x64
		{306CE435-20F1-4952-A97D-E8D748518C97}.Debug|x86.ActiveCfg = Debug|Win32
		{306CE435-20F1-4952-A97D-E8D748518C97}.Debug|x86.Build.0 = Debug|Win32
		{306CE435-20F1-4952-A97D-E8D748518C97}.Release|x64.ActiveCfg = Release|x64
		{306CE435-20F1-4952-A97D-E8D748518C97}.Release|x64.Build.0 = Release|x64
		{306CE435-20F1-4952-A97D-E8D748518C97}.Release|x86.ActiveCfg = Release|Win32
		{306CE435-20F1-4952-A97D-E8D748518C97}.Release|x86.Build.0 = Release|Win32
		{1CA9B033-2093-4910-A745-9A75FCB28037}.Debug|x64.ActiveCfg = Debug|x64
		{1CA9B033-2093-4910-A745-9A75FCB28037}.Debug|x64.Build.0 = Debug|x64
		{1CA9B033-2093-4910-A745-9A75FCB28037}.Debug|x86.ActiveCfg = Debug|Win32
		{1CA9B033-2093-4910-A745-9A75FCB28037}.Debug|x86.Build.0 = Debug|Win32
		{1CA9B033-2093-4910-A745-9A75FCB28037}.Release|x64.ActiveCfg = Release|x64
		{1CA9B033-2093-4910-A745-9A75FCB28037}.Release|x64.Build.0 = Release|x64
		{1CA9B033-2093-4910-A745-9A75FCB28037}.Release|x86.ActiveCfg = Release|Win32
		{1CA9B033-2093-4910-A745-9A75FCB28037}.Release|x86.Build.0 = Release|Win32
		{D60BC7A0-B977-45DF-9415-FDFE76FA0B07}.Debug|x64.ActiveCfg = Debug|x64
		{D60BC7A0-B977-45DF-9415-FDFE76FA0B07}.Debug|x64.Build.0 = Debug|x64
		{D60BC7A0-B977-45DF-9415-FDFE76FA0B07}.Debug|x86.ActiveCfg = Debug|Win32
		{D60BC7A0-B977-45DF-9415-FDFE76FA0B07}.Debug|x86.Build.0 = Debug|Win32
		{D60BC7A0-B977-45DF-9415-FDFE76FA0B07}.Release|x64.ActiveCfg = Release|x64
		{D60BC7A0-B977-45DF-9415-FDFE76FA0B07}.Release|x64.Build.0 = Release|x64
		{D60BC7A0-B977-45DF-9415-FDFE76FA0B07}.Release|x86.ActiveCfg = Release|Win32
		{D60BC7A0-B977-45DF-9415-FDFE76FA0B07}.Release|x86.Build.0 = Release|Win32
	EndGlobalSection
	GlobalSection(SolutionProperties) = preSolution
		HideSolutionNode = FALSE
	EndGlobalSection
	GlobalSection(NestedProjects) = preSolution
		{6444F8C8-6A43-49C7-A823-76BF2788F2C1} = {727DED38-9923-4894-93A0-55F83DE89627}
		{B2DE775A-B833-4482-A83A-79F3EAFBA1DC} = {727DED38-9923-4894-93A0-55F83DE89627}
		{4B03FCC9-D1F8-4368-9D51-2B541419F315} = {727DED38-9923-4894-93A0-55F83DE89627}
		{0DDCE848-3A3F-4BA4-9E88-783517A1EB69} = {727DED38-9923-4894-93A0-55F83DE89627}
		{FDFFFEFA-BBF1-48D6-BA87-DAFA03556D04} = {727DED38-9923-4894-93A0-55F83DE89627}
		{8A918A1F-F5C1-4B39-B8BE-C22BE29D8D0B} = {727DED38-9923-4894-93A0-55F83DE89627}
		{E7746F5D-4B03-401D-9223-AB5A4D1CEC2C} = {727DED38-9923-4894-93A0-55F83DE89627}
		{3DABBE6B-C283-4422-AF4B-24330B4E50B8} = {727DED38-9923-4894-93A0-55F83DE89627}
		{68090547-070E-4CEA-943C-4EF2D9C8E07E} = {727DED38-9923-4894-93A0-55F83DE89627}
		{306CE435-20F1-4952-A97D-E8D748518C97} = {727DED38-9923-4894-93A0-55F83DE89627}
	EndGlobalSection
	GlobalSection(ExtensibilityGlobals) = postSolution
		SolutionGuid = {DA531938-A54B-4909-B465-FC777A96798D}
	EndGlobalSection
EndGlobal
